// !$*UTF8*$!
{
	archiveVersion = 1;
	classes = {
	};
	objectVersion = 46;
	objects = {

/* Begin PBXBuildFile section */
		6B99AAF00EB3BDD8A31328F2 /* Pods_WeiBo_Swift_Demo.framework in Frameworks */ = {isa = PBXBuildFile; fileRef = 3F6D93B1929DAD76A2768614 /* Pods_WeiBo_Swift_Demo.framework */; };
		C82849C51F6BB5F0001A5B69 /* BlogImageBroweView.swift in Sources */ = {isa = PBXBuildFile; fileRef = C82849C41F6BB5F0001A5B69 /* BlogImageBroweView.swift */; };
		C8301E9C1F5FEB5700CC2477 /* Assets.xcassets in Resources */ = {isa = PBXBuildFile; fileRef = C8301E9B1F5FEB5700CC2477 /* Assets.xcassets */; };
		C8301E9F1F5FEB5700CC2477 /* LaunchScreen.storyboard in Resources */ = {isa = PBXBuildFile; fileRef = C8301E9D1F5FEB5700CC2477 /* LaunchScreen.storyboard */; };
		C8301EB41F5FEBA000CC2477 /* BaseNavigationController.swift in Sources */ = {isa = PBXBuildFile; fileRef = C8301EA71F5FEBA000CC2477 /* BaseNavigationController.swift */; };
		C8301EB51F5FEBA000CC2477 /* BaseTabBarController.swift in Sources */ = {isa = PBXBuildFile; fileRef = C8301EA81F5FEBA000CC2477 /* BaseTabBarController.swift */; };
		C8301EB61F5FEBA000CC2477 /* BaseViewController.swift in Sources */ = {isa = PBXBuildFile; fileRef = C8301EA91F5FEBA000CC2477 /* BaseViewController.swift */; };
		C8301EB71F5FEBA000CC2477 /* TabBar.swift in Sources */ = {isa = PBXBuildFile; fileRef = C8301EAB1F5FEBA000CC2477 /* TabBar.swift */; };
		C8301EB81F5FEBA000CC2477 /* DiscoverViewController.swift in Sources */ = {isa = PBXBuildFile; fileRef = C8301EAD1F5FEBA000CC2477 /* DiscoverViewController.swift */; };
		C8301EB91F5FEBA000CC2477 /* HomeViewController.swift in Sources */ = {isa = PBXBuildFile; fileRef = C8301EAF1F5FEBA000CC2477 /* HomeViewController.swift */; };
		C8301EBA1F5FEBA000CC2477 /* MessageViewController.swift in Sources */ = {isa = PBXBuildFile; fileRef = C8301EB11F5FEBA000CC2477 /* MessageViewController.swift */; };
		C8301EBB1F5FEBA000CC2477 /* MineViewController.swift in Sources */ = {isa = PBXBuildFile; fileRef = C8301EB31F5FEBA000CC2477 /* MineViewController.swift */; };
		C8301EBD1F5FEBCC00CC2477 /* AppDelegate.swift in Sources */ = {isa = PBXBuildFile; fileRef = C8301EBC1F5FEBCC00CC2477 /* AppDelegate.swift */; };
		C8457A6A1F61121E00DE47FB /* WBRequest.swift in Sources */ = {isa = PBXBuildFile; fileRef = C8457A691F61121E00DE47FB /* WBRequest.swift */; };
		C8457A6D1F613CB000DE47FB /* AppConfig.swift in Sources */ = {isa = PBXBuildFile; fileRef = C8457A6C1F613CB000DE47FB /* AppConfig.swift */; };
		C8457A701F613EDE00DE47FB /* BlogDetailModel.swift in Sources */ = {isa = PBXBuildFile; fileRef = C8457A6F1F613EDE00DE47FB /* BlogDetailModel.swift */; };
		C8457A721F613F0F00DE47FB /* BlogListTableViewCell.swift in Sources */ = {isa = PBXBuildFile; fileRef = C8457A711F613F0F00DE47FB /* BlogListTableViewCell.swift */; };
		C8457A741F614BE300DE47FB /* UserInfoModel.swift in Sources */ = {isa = PBXBuildFile; fileRef = C8457A731F614BE300DE47FB /* UserInfoModel.swift */; };
		C8457A761F614CDC00DE47FB /* AppServices.swift in Sources */ = {isa = PBXBuildFile; fileRef = C8457A751F614CDC00DE47FB /* AppServices.swift */; };
		C883B5821F6A2F490055B7C4 /* BlogImageView.swift in Sources */ = {isa = PBXBuildFile; fileRef = C883B5811F6A2F490055B7C4 /* BlogImageView.swift */; };
		C89640AE1F5FF424003B5BBC /* OAuthViewController.swift in Sources */ = {isa = PBXBuildFile; fileRef = C89640AD1F5FF424003B5BBC /* OAuthViewController.swift */; };
		C89640B11F5FF478003B5BBC /* AccountInfo.swift in Sources */ = {isa = PBXBuildFile; fileRef = C89640B01F5FF478003B5BBC /* AccountInfo.swift */; };
		C89640B31F5FFA1D003B5BBC /* AccountInfoTool.swift in Sources */ = {isa = PBXBuildFile; fileRef = C89640B21F5FFA1D003B5BBC /* AccountInfoTool.swift */; };
		C8D64E3B1F72011700D4D902 /* BlogDetailViewController.swift in Sources */ = {isa = PBXBuildFile; fileRef = C8D64E3A1F72011700D4D902 /* BlogDetailViewController.swift */; };
		C8D64E3D1F7201EB00D4D902 /* BlogCommentToolView.swift in Sources */ = {isa = PBXBuildFile; fileRef = C8D64E3C1F7201EB00D4D902 /* BlogCommentToolView.swift */; };
/* End PBXBuildFile section */

/* Begin PBXFileReference section */
		3F6D93B1929DAD76A2768614 /* Pods_WeiBo_Swift_Demo.framework */ = {isa = PBXFileReference; explicitFileType = wrapper.framework; includeInIndex = 0; path = Pods_WeiBo_Swift_Demo.framework; sourceTree = BUILT_PRODUCTS_DIR; };
		8AC669AD0550B38A301CA889 /* Pods-WeiBo_Swift_Demo.release.xcconfig */ = {isa = PBXFileReference; includeInIndex = 1; lastKnownFileType = text.xcconfig; name = "Pods-WeiBo_Swift_Demo.release.xcconfig"; path = "Pods/Target Support Files/Pods-WeiBo_Swift_Demo/Pods-WeiBo_Swift_Demo.release.xcconfig"; sourceTree = "<group>"; };
		BDF3EF29E2FEE1664800FFE5 /* Pods-WeiBo_Swift_Demo.debug.xcconfig */ = {isa = PBXFileReference; includeInIndex = 1; lastKnownFileType = text.xcconfig; name = "Pods-WeiBo_Swift_Demo.debug.xcconfig"; path = "Pods/Target Support Files/Pods-WeiBo_Swift_Demo/Pods-WeiBo_Swift_Demo.debug.xcconfig"; sourceTree = "<group>"; };
		C82849C41F6BB5F0001A5B69 /* BlogImageBroweView.swift */ = {isa = PBXFileReference; fileEncoding = 4; lastKnownFileType = sourcecode.swift; path = BlogImageBroweView.swift; sourceTree = "<group>"; };
		C8301E911F5FEB5700CC2477 /* WeiBo_Swift_Demo.app */ = {isa = PBXFileReference; explicitFileType = wrapper.application; includeInIndex = 0; path = WeiBo_Swift_Demo.app; sourceTree = BUILT_PRODUCTS_DIR; };
		C8301E9B1F5FEB5700CC2477 /* Assets.xcassets */ = {isa = PBXFileReference; lastKnownFileType = folder.assetcatalog; path = Assets.xcassets; sourceTree = "<group>"; };
		C8301E9E1F5FEB5700CC2477 /* Base */ = {isa = PBXFileReference; lastKnownFileType = file.storyboard; name = Base; path = Base.lproj/LaunchScreen.storyboard; sourceTree = "<group>"; };
		C8301EA01F5FEB5700CC2477 /* Info.plist */ = {isa = PBXFileReference; lastKnownFileType = text.plist.xml; path = Info.plist; sourceTree = "<group>"; };
		C8301EA71F5FEBA000CC2477 /* BaseNavigationController.swift */ = {isa = PBXFileReference; fileEncoding = 4; lastKnownFileType = sourcecode.swift; path = BaseNavigationController.swift; sourceTree = "<group>"; };
		C8301EA81F5FEBA000CC2477 /* BaseTabBarController.swift */ = {isa = PBXFileReference; fileEncoding = 4; lastKnownFileType = sourcecode.swift; path = BaseTabBarController.swift; sourceTree = "<group>"; };
		C8301EA91F5FEBA000CC2477 /* BaseViewController.swift */ = {isa = PBXFileReference; fileEncoding = 4; lastKnownFileType = sourcecode.swift; path = BaseViewController.swift; sourceTree = "<group>"; };
		C8301EAB1F5FEBA000CC2477 /* TabBar.swift */ = {isa = PBXFileReference; fileEncoding = 4; lastKnownFileType = sourcecode.swift; path = TabBar.swift; sourceTree = "<group>"; };
		C8301EAD1F5FEBA000CC2477 /* DiscoverViewController.swift */ = {isa = PBXFileReference; fileEncoding = 4; lastKnownFileType = sourcecode.swift; path = DiscoverViewController.swift; sourceTree = "<group>"; };
		C8301EAF1F5FEBA000CC2477 /* HomeViewController.swift */ = {isa = PBXFileReference; fileEncoding = 4; lastKnownFileType = sourcecode.swift; path = HomeViewController.swift; sourceTree = "<group>"; };
		C8301EB11F5FEBA000CC2477 /* MessageViewController.swift */ = {isa = PBXFileReference; fileEncoding = 4; lastKnownFileType = sourcecode.swift; path = MessageViewController.swift; sourceTree = "<group>"; };
		C8301EB31F5FEBA000CC2477 /* MineViewController.swift */ = {isa = PBXFileReference; fileEncoding = 4; lastKnownFileType = sourcecode.swift; path = MineViewController.swift; sourceTree = "<group>"; };
		C8301EBC1F5FEBCC00CC2477 /* AppDelegate.swift */ = {isa = PBXFileReference; fileEncoding = 4; lastKnownFileType = sourcecode.swift; path = AppDelegate.swift; sourceTree = "<group>"; };
		C8457A691F61121E00DE47FB /* WBRequest.swift */ = {isa = PBXFileReference; fileEncoding = 4; lastKnownFileType = sourcecode.swift; path = WBRequest.swift; sourceTree = "<group>"; };
		C8457A6C1F613CB000DE47FB /* AppConfig.swift */ = {isa = PBXFileReference; fileEncoding = 4; lastKnownFileType = sourcecode.swift; path = AppConfig.swift; sourceTree = "<group>"; };
		C8457A6F1F613EDE00DE47FB /* BlogDetailModel.swift */ = {isa = PBXFileReference; fileEncoding = 4; lastKnownFileType = sourcecode.swift; path = BlogDetailModel.swift; sourceTree = "<group>"; };
		C8457A711F613F0F00DE47FB /* BlogListTableViewCell.swift */ = {isa = PBXFileReference; fileEncoding = 4; lastKnownFileType = sourcecode.swift; path = BlogListTableViewCell.swift; sourceTree = "<group>"; };
		C8457A731F614BE300DE47FB /* UserInfoModel.swift */ = {isa = PBXFileReference; fileEncoding = 4; lastKnownFileType = sourcecode.swift; path = UserInfoModel.swift; sourceTree = "<group>"; };
		C8457A751F614CDC00DE47FB /* AppServices.swift */ = {isa = PBXFileReference; fileEncoding = 4; lastKnownFileType = sourcecode.swift; path = AppServices.swift; sourceTree = "<group>"; };
		C883B5811F6A2F490055B7C4 /* BlogImageView.swift */ = {isa = PBXFileReference; fileEncoding = 4; lastKnownFileType = sourcecode.swift; path = BlogImageView.swift; sourceTree = "<group>"; };
		C89640AD1F5FF424003B5BBC /* OAuthViewController.swift */ = {isa = PBXFileReference; fileEncoding = 4; lastKnownFileType = sourcecode.swift; path = OAuthViewController.swift; sourceTree = "<group>"; };
		C89640B01F5FF478003B5BBC /* AccountInfo.swift */ = {isa = PBXFileReference; fileEncoding = 4; lastKnownFileType = sourcecode.swift; path = AccountInfo.swift; sourceTree = "<group>"; };
		C89640B21F5FFA1D003B5BBC /* AccountInfoTool.swift */ = {isa = PBXFileReference; fileEncoding = 4; lastKnownFileType = sourcecode.swift; path = AccountInfoTool.swift; sourceTree = "<group>"; };
		C8D64E3A1F72011700D4D902 /* BlogDetailViewController.swift */ = {isa = PBXFileReference; fileEncoding = 4; lastKnownFileType = sourcecode.swift; path = BlogDetailViewController.swift; sourceTree = "<group>"; };
		C8D64E3C1F7201EB00D4D902 /* BlogCommentToolView.swift */ = {isa = PBXFileReference; fileEncoding = 4; lastKnownFileType = sourcecode.swift; path = BlogCommentToolView.swift; sourceTree = "<group>"; };
/* End PBXFileReference section */

/* Begin PBXFrameworksBuildPhase section */
		C8301E8E1F5FEB5700CC2477 /* Frameworks */ = {
			isa = PBXFrameworksBuildPhase;
			buildActionMask = 2147483647;
			files = (
				6B99AAF00EB3BDD8A31328F2 /* Pods_WeiBo_Swift_Demo.framework in Frameworks */,
			);
			runOnlyForDeploymentPostprocessing = 0;
		};
/* End PBXFrameworksBuildPhase section */

/* Begin PBXGroup section */
		21753EBC838AE744E31E84A7 /* Frameworks */ = {
			isa = PBXGroup;
			children = (
				3F6D93B1929DAD76A2768614 /* Pods_WeiBo_Swift_Demo.framework */,
			);
			name = Frameworks;
			sourceTree = "<group>";
		};
		3E3DD8C9F6F1A5CF75CE68B8 /* Pods */ = {
			isa = PBXGroup;
			children = (
				BDF3EF29E2FEE1664800FFE5 /* Pods-WeiBo_Swift_Demo.debug.xcconfig */,
				8AC669AD0550B38A301CA889 /* Pods-WeiBo_Swift_Demo.release.xcconfig */,
			);
			name = Pods;
			sourceTree = "<group>";
		};
		C8301E881F5FEB5700CC2477 = {
			isa = PBXGroup;
			children = (
				C8301E931F5FEB5700CC2477 /* WeiBo_Swift_Demo */,
				C8301E921F5FEB5700CC2477 /* Products */,
				3E3DD8C9F6F1A5CF75CE68B8 /* Pods */,
				21753EBC838AE744E31E84A7 /* Frameworks */,
			);
			sourceTree = "<group>";
		};
		C8301E921F5FEB5700CC2477 /* Products */ = {
			isa = PBXGroup;
			children = (
				C8301E911F5FEB5700CC2477 /* WeiBo_Swift_Demo.app */,
			);
			name = Products;
			sourceTree = "<group>";
		};
		C8301E931F5FEB5700CC2477 /* WeiBo_Swift_Demo */ = {
			isa = PBXGroup;
			children = (
				C8457A681F6111F900DE47FB /* Services */,
				C89640AC1F5FF409003B5BBC /* OAuth */,
				C89640AF1F5FF452003B5BBC /* Accounts */,
				C8301EA61F5FEBA000CC2477 /* BaseVC */,
				C8301EAC1F5FEBA000CC2477 /* Discover */,
				C8301EAE1F5FEBA000CC2477 /* Home */,
				C8301EB01F5FEBA000CC2477 /* Message */,
				C8301EB21F5FEBA000CC2477 /* My */,
				C8301EBC1F5FEBCC00CC2477 /* AppDelegate.swift */,
				C8457A6C1F613CB000DE47FB /* AppConfig.swift */,
				C8457A751F614CDC00DE47FB /* AppServices.swift */,
				C8301E9B1F5FEB5700CC2477 /* Assets.xcassets */,
				C8301E9D1F5FEB5700CC2477 /* LaunchScreen.storyboard */,
				C8301EA01F5FEB5700CC2477 /* Info.plist */,
			);
			path = WeiBo_Swift_Demo;
			sourceTree = "<group>";
		};
		C8301EA61F5FEBA000CC2477 /* BaseVC */ = {
			isa = PBXGroup;
			children = (
				C8301EA71F5FEBA000CC2477 /* BaseNavigationController.swift */,
				C8301EA81F5FEBA000CC2477 /* BaseTabBarController.swift */,
				C8301EA91F5FEBA000CC2477 /* BaseViewController.swift */,
				C8301EAA1F5FEBA000CC2477 /* View */,
			);
			path = BaseVC;
			sourceTree = "<group>";
		};
		C8301EAA1F5FEBA000CC2477 /* View */ = {
			isa = PBXGroup;
			children = (
				C8301EAB1F5FEBA000CC2477 /* TabBar.swift */,
			);
			path = View;
			sourceTree = "<group>";
		};
		C8301EAC1F5FEBA000CC2477 /* Discover */ = {
			isa = PBXGroup;
			children = (
				C8301EAD1F5FEBA000CC2477 /* DiscoverViewController.swift */,
			);
			path = Discover;
			sourceTree = "<group>";
		};
		C8301EAE1F5FEBA000CC2477 /* Home */ = {
			isa = PBXGroup;
			children = (
				C8301EAF1F5FEBA000CC2477 /* HomeViewController.swift */,
				C8D64E3A1F72011700D4D902 /* BlogDetailViewController.swift */,
				C8457A6F1F613EDE00DE47FB /* BlogDetailModel.swift */,
				C8457A6E1F613E3E00DE47FB /* View */,
			);
			path = Home;
			sourceTree = "<group>";
		};
		C8301EB01F5FEBA000CC2477 /* Message */ = {
			isa = PBXGroup;
			children = (
				C8301EB11F5FEBA000CC2477 /* MessageViewController.swift */,
			);
			path = Message;
			sourceTree = "<group>";
		};
		C8301EB21F5FEBA000CC2477 /* My */ = {
			isa = PBXGroup;
			children = (
				C8301EB31F5FEBA000CC2477 /* MineViewController.swift */,
			);
			path = My;
			sourceTree = "<group>";
		};
		C8457A681F6111F900DE47FB /* Services */ = {
			isa = PBXGroup;
			children = (
				C8457A691F61121E00DE47FB /* WBRequest.swift */,
			);
			path = Services;
			sourceTree = "<group>";
		};
		C8457A6E1F613E3E00DE47FB /* View */ = {
			isa = PBXGroup;
			children = (
				C8457A711F613F0F00DE47FB /* BlogListTableViewCell.swift */,
				C883B5811F6A2F490055B7C4 /* BlogImageView.swift */,
				C8D64E3C1F7201EB00D4D902 /* BlogCommentToolView.swift */,
				C82849C41F6BB5F0001A5B69 /* BlogImageBroweView.swift */,
			);
			path = View;
			sourceTree = "<group>";
		};
		C89640AC1F5FF409003B5BBC /* OAuth */ = {
			isa = PBXGroup;
			children = (
				C89640AD1F5FF424003B5BBC /* OAuthViewController.swift */,
			);
			path = OAuth;
			sourceTree = "<group>";
		};
		C89640AF1F5FF452003B5BBC /* Accounts */ = {
			isa = PBXGroup;
			children = (
				C89640B01F5FF478003B5BBC /* AccountInfo.swift */,
				C89640B21F5FFA1D003B5BBC /* AccountInfoTool.swift */,
				C8457A731F614BE300DE47FB /* UserInfoModel.swift */,
			);
			path = Accounts;
			sourceTree = "<group>";
		};
/* End PBXGroup section */

/* Begin PBXNativeTarget section */
		C8301E901F5FEB5700CC2477 /* WeiBo_Swift_Demo */ = {
			isa = PBXNativeTarget;
			buildConfigurationList = C8301EA31F5FEB5700CC2477 /* Build configuration list for PBXNativeTarget "WeiBo_Swift_Demo" */;
			buildPhases = (
				DD3DF8BF6AF685CDE211FCD2 /* [CP] Check Pods Manifest.lock */,
				C8301E8D1F5FEB5700CC2477 /* Sources */,
				C8301E8E1F5FEB5700CC2477 /* Frameworks */,
				C8301E8F1F5FEB5700CC2477 /* Resources */,
				094BA4FB4DE988A183AE7761 /* [CP] Embed Pods Frameworks */,
				0C62BE6C19E8CFE9219B33B5 /* [CP] Copy Pods Resources */,
			);
			buildRules = (
			);
			dependencies = (
			);
			name = WeiBo_Swift_Demo;
			productName = WeiBo_Swift_Demo;
			productReference = C8301E911F5FEB5700CC2477 /* WeiBo_Swift_Demo.app */;
			productType = "com.apple.product-type.application";
		};
/* End PBXNativeTarget section */

/* Begin PBXProject section */
		C8301E891F5FEB5700CC2477 /* Project object */ = {
			isa = PBXProject;
			attributes = {
				LastSwiftUpdateCheck = 0830;
				LastUpgradeCheck = 0830;
				ORGANIZATIONNAME = Xiong;
				TargetAttributes = {
					C8301E901F5FEB5700CC2477 = {
						CreatedOnToolsVersion = 8.3.3;
						DevelopmentTeam = 69H7QSB2RS;
						ProvisioningStyle = Automatic;
					};
				};
			};
			buildConfigurationList = C8301E8C1F5FEB5700CC2477 /* Build configuration list for PBXProject "WeiBo_Swift_Demo" */;
			compatibilityVersion = "Xcode 3.2";
			developmentRegion = English;
			hasScannedForEncodings = 0;
			knownRegions = (
				en,
				Base,
			);
			mainGroup = C8301E881F5FEB5700CC2477;
			productRefGroup = C8301E921F5FEB5700CC2477 /* Products */;
			projectDirPath = "";
			projectRoot = "";
			targets = (
				C8301E901F5FEB5700CC2477 /* WeiBo_Swift_Demo */,
			);
		};
/* End PBXProject section */

/* Begin PBXResourcesBuildPhase section */
		C8301E8F1F5FEB5700CC2477 /* Resources */ = {
			isa = PBXResourcesBuildPhase;
			buildActionMask = 2147483647;
			files = (
				C8301E9F1F5FEB5700CC2477 /* LaunchScreen.storyboard in Resources */,
				C8301E9C1F5FEB5700CC2477 /* Assets.xcassets in Resources */,
			);
			runOnlyForDeploymentPostprocessing = 0;
		};
/* End PBXResourcesBuildPhase section */

/* Begin PBXShellScriptBuildPhase section */
		094BA4FB4DE988A183AE7761 /* [CP] Embed Pods Frameworks */ = {
			isa = PBXShellScriptBuildPhase;
			buildActionMask = 2147483647;
			files = (
			);
			inputPaths = (
			);
			name = "[CP] Embed Pods Frameworks";
			outputPaths = (
			);
			runOnlyForDeploymentPostprocessing = 0;
			shellPath = /bin/sh;
			shellScript = "\"${SRCROOT}/Pods/Target Support Files/Pods-WeiBo_Swift_Demo/Pods-WeiBo_Swift_Demo-frameworks.sh\"\n";
			showEnvVarsInLog = 0;
		};
		0C62BE6C19E8CFE9219B33B5 /* [CP] Copy Pods Resources */ = {
			isa = PBXShellScriptBuildPhase;
			buildActionMask = 2147483647;
			files = (
			);
			inputPaths = (
			);
			name = "[CP] Copy Pods Resources";
			outputPaths = (
			);
			runOnlyForDeploymentPostprocessing = 0;
			shellPath = /bin/sh;
			shellScript = "\"${SRCROOT}/Pods/Target Support Files/Pods-WeiBo_Swift_Demo/Pods-WeiBo_Swift_Demo-resources.sh\"\n";
			showEnvVarsInLog = 0;
		};
		DD3DF8BF6AF685CDE211FCD2 /* [CP] Check Pods Manifest.lock */ = {
			isa = PBXShellScriptBuildPhase;
			buildActionMask = 2147483647;
			files = (
			);
			inputPaths = (
			);
			name = "[CP] Check Pods Manifest.lock";
			outputPaths = (
			);
			runOnlyForDeploymentPostprocessing = 0;
			shellPath = /bin/sh;
			shellScript = "diff \"${PODS_ROOT}/../Podfile.lock\" \"${PODS_ROOT}/Manifest.lock\" > /dev/null\nif [ $? != 0 ] ; then\n    # print error to STDERR\n    echo \"error: The sandbox is not in sync with the Podfile.lock. Run 'pod install' or update your CocoaPods installation.\" >&2\n    exit 1\nfi\n";
			showEnvVarsInLog = 0;
		};
/* End PBXShellScriptBuildPhase section */

/* Begin PBXSourcesBuildPhase section */
		C8301E8D1F5FEB5700CC2477 /* Sources */ = {
			isa = PBXSourcesBuildPhase;
			buildActionMask = 2147483647;
			files = (
				C8301EB61F5FEBA000CC2477 /* BaseViewController.swift in Sources */,
				C8457A6A1F61121E00DE47FB /* WBRequest.swift in Sources */,
				C8301EBA1F5FEBA000CC2477 /* MessageViewController.swift in Sources */,
				C883B5821F6A2F490055B7C4 /* BlogImageView.swift in Sources */,
				C8301EB51F5FEBA000CC2477 /* BaseTabBarController.swift in Sources */,
				C8457A741F614BE300DE47FB /* UserInfoModel.swift in Sources */,
				C8D64E3D1F7201EB00D4D902 /* BlogCommentToolView.swift in Sources */,
				C8301EBD1F5FEBCC00CC2477 /* AppDelegate.swift in Sources */,
				C89640AE1F5FF424003B5BBC /* OAuthViewController.swift in Sources */,
				C8301EB81F5FEBA000CC2477 /* DiscoverViewController.swift in Sources */,
				C8301EB91F5FEBA000CC2477 /* HomeViewController.swift in Sources */,
				C8D64E3B1F72011700D4D902 /* BlogDetailViewController.swift in Sources */,
				C89640B11F5FF478003B5BBC /* AccountInfo.swift in Sources */,
				C8457A721F613F0F00DE47FB /* BlogListTableViewCell.swift in Sources */,
				C82849C51F6BB5F0001A5B69 /* BlogImageBroweView.swift in Sources */,
				C8457A6D1F613CB000DE47FB /* AppConfig.swift in Sources */,
				C8301EB71F5FEBA000CC2477 /* TabBar.swift in Sources */,
				C8457A701F613EDE00DE47FB /* BlogDetailModel.swift in Sources */,
				C8301EB41F5FEBA000CC2477 /* BaseNavigationController.swift in Sources */,
				C8457A761F614CDC00DE47FB /* AppServices.swift in Sources */,
				C8301EBB1F5FEBA000CC2477 /* MineViewController.swift in Sources */,
				C89640B31F5FFA1D003B5BBC /* AccountInfoTool.swift in Sources */,
			);
			runOnlyForDeploymentPostprocessing = 0;
		};
/* End PBXSourcesBuildPhase section */

/* Begin PBXVariantGroup section */
		C8301E9D1F5FEB5700CC2477 /* LaunchScreen.storyboard */ = {
			isa = PBXVariantGroup;
			children = (
				C8301E9E1F5FEB5700CC2477 /* Base */,
			);
			name = LaunchScreen.storyboard;
			sourceTree = "<group>";
		};
/* End PBXVariantGroup section */

/* Begin XCBuildConfiguration section */
		C8301EA11F5FEB5700CC2477 /* Debug */ = {
			isa = XCBuildConfiguration;
			buildSettings = {
				ALWAYS_SEARCH_USER_PATHS = NO;
				CLANG_ANALYZER_NONNULL = YES;
				CLANG_ANALYZER_NUMBER_OBJECT_CONVERSION = YES_AGGRESSIVE;
				CLANG_CXX_LANGUAGE_STANDARD = "gnu++0x";
				CLANG_CXX_LIBRARY = "libc++";
				CLANG_ENABLE_MODULES = YES;
				CLANG_ENABLE_OBJC_ARC = YES;
				CLANG_WARN_BOOL_CONVERSION = YES;
				CLANG_WARN_CONSTANT_CONVERSION = YES;
				CLANG_WARN_DIRECT_OBJC_ISA_USAGE = YES_ERROR;
				CLANG_WARN_DOCUMENTATION_COMMENTS = YES;
				CLANG_WARN_EMPTY_BODY = YES;
				CLANG_WARN_ENUM_CONVERSION = YES;
				CLANG_WARN_INFINITE_RECURSION = YES;
				CLANG_WARN_INT_CONVERSION = YES;
				CLANG_WARN_OBJC_ROOT_CLASS = YES_ERROR;
				CLANG_WARN_SUSPICIOUS_MOVE = YES;
				CLANG_WARN_UNREACHABLE_CODE = YES;
				CLANG_WARN__DUPLICATE_METHOD_MATCH = YES;
				"CODE_SIGN_IDENTITY[sdk=iphoneos*]" = "iPhone Developer";
				COPY_PHASE_STRIP = NO;
				DEBUG_INFORMATION_FORMAT = dwarf;
				ENABLE_STRICT_OBJC_MSGSEND = YES;
				ENABLE_TESTABILITY = YES;
				GCC_C_LANGUAGE_STANDARD = gnu99;
				GCC_DYNAMIC_NO_PIC = NO;
				GCC_NO_COMMON_BLOCKS = YES;
				GCC_OPTIMIZATION_LEVEL = 0;
				GCC_PREPROCESSOR_DEFINITIONS = (
					"DEBUG=1",
					"$(inherited)",
				);
				GCC_WARN_64_TO_32_BIT_CONVERSION = YES;
				GCC_WARN_ABOUT_RETURN_TYPE = YES_ERROR;
				GCC_WARN_UNDECLARED_SELECTOR = YES;
				GCC_WARN_UNINITIALIZED_AUTOS = YES_AGGRESSIVE;
				GCC_WARN_UNUSED_FUNCTION = YES;
				GCC_WARN_UNUSED_VARIABLE = YES;
				IPHONEOS_DEPLOYMENT_TARGET = 10.3;
				MTL_ENABLE_DEBUG_INFO = YES;
				ONLY_ACTIVE_ARCH = YES;
				SDKROOT = iphoneos;
				SWIFT_ACTIVE_COMPILATION_CONDITIONS = DEBUG;
				SWIFT_OPTIMIZATION_LEVEL = "-Onone";
				TARGETED_DEVICE_FAMILY = "1,2";
			};
			name = Debug;
		};
		C8301EA21F5FEB5700CC2477 /* Release */ = {
			isa = XCBuildConfiguration;
			buildSettings = {
				ALWAYS_SEARCH_USER_PATHS = NO;
				CLANG_ANALYZER_NONNULL = YES;
				CLANG_ANALYZER_NUMBER_OBJECT_CONVERSION = YES_AGGRESSIVE;
				CLANG_CXX_LANGUAGE_STANDARD = "gnu++0x";
				CLANG_CXX_LIBRARY = "libc++";
				CLANG_ENABLE_MODULES = YES;
				CLANG_ENABLE_OBJC_ARC = YES;
				CLANG_WARN_BOOL_CONVERSION = YES;
				CLANG_WARN_CONSTANT_CONVERSION = YES;
				CLANG_WARN_DIRECT_OBJC_ISA_USAGE = YES_ERROR;
				CLANG_WARN_DOCUMENTATION_COMMENTS = YES;
				CLANG_WARN_EMPTY_BODY = YES;
				CLANG_WARN_ENUM_CONVERSION = YES;
				CLANG_WARN_INFINITE_RECURSION = YES;
				CLANG_WARN_INT_CONVERSION = YES;
				CLANG_WARN_OBJC_ROOT_CLASS = YES_ERROR;
				CLANG_WARN_SUSPICIOUS_MOVE = YES;
				CLANG_WARN_UNREACHABLE_CODE = YES;
				CLANG_WARN__DUPLICATE_METHOD_MATCH = YES;
				"CODE_SIGN_IDENTITY[sdk=iphoneos*]" = "iPhone Developer";
				COPY_PHASE_STRIP = NO;
				DEBUG_INFORMATION_FORMAT = "dwarf-with-dsym";
				ENABLE_NS_ASSERTIONS = NO;
				ENABLE_STRICT_OBJC_MSGSEND = YES;
				GCC_C_LANGUAGE_STANDARD = gnu99;
				GCC_NO_COMMON_BLOCKS = YES;
				GCC_WARN_64_TO_32_BIT_CONVERSION = YES;
				GCC_WARN_ABOUT_RETURN_TYPE = YES_ERROR;
				GCC_WARN_UNDECLARED_SELECTOR = YES;
				GCC_WARN_UNINITIALIZED_AUTOS = YES_AGGRESSIVE;
				GCC_WARN_UNUSED_FUNCTION = YES;
				GCC_WARN_UNUSED_VARIABLE = YES;
				IPHONEOS_DEPLOYMENT_TARGET = 10.3;
				MTL_ENABLE_DEBUG_INFO = NO;
				SDKROOT = iphoneos;
				SWIFT_OPTIMIZATION_LEVEL = "-Owholemodule";
				TARGETED_DEVICE_FAMILY = "1,2";
				VALIDATE_PRODUCT = YES;
			};
			name = Release;
		};
		C8301EA41F5FEB5700CC2477 /* Debug */ = {
			isa = XCBuildConfiguration;
			baseConfigurationReference = BDF3EF29E2FEE1664800FFE5 /* Pods-WeiBo_Swift_Demo.debug.xcconfig */;
			buildSettings = {
				ASSETCATALOG_COMPILER_APPICON_NAME = AppIcon;
				DEVELOPMENT_TEAM = 69H7QSB2RS;
				INFOPLIST_FILE = WeiBo_Swift_Demo/Info.plist;
				IPHONEOS_DEPLOYMENT_TARGET = 9.0;
				LD_RUNPATH_SEARCH_PATHS = "$(inherited) @executable_path/Frameworks";
				PRODUCT_BUNDLE_IDENTIFIER = "Xiong.WeiBo-Swift-Demo";
				PRODUCT_NAME = "$(TARGET_NAME)";
				SWIFT_VERSION = 3.0;
			};
			name = Debug;
		};
		C8301EA51F5FEB5700CC2477 /* Release */ = {
			isa = XCBuildConfiguration;
			baseConfigurationReference = 8AC669AD0550B38A301CA889 /* Pods-WeiBo_Swift_Demo.release.xcconfig */;
			buildSettings = {
				ASSETCATALOG_COMPILER_APPICON_NAME = AppIcon;
				DEVELOPMENT_TEAM = 69H7QSB2RS;
				INFOPLIST_FILE = WeiBo_Swift_Demo/Info.plist;
				IPHONEOS_DEPLOYMENT_TARGET = 9.0;
				LD_RUNPATH_SEARCH_PATHS = "$(inherited) @executable_path/Frameworks";
				PRODUCT_BUNDLE_IDENTIFIER = "Xiong.WeiBo-Swift-Demo";
				PRODUCT_NAME = "$(TARGET_NAME)";
				SWIFT_VERSION = 3.0;
			};
			name = Release;
		};
/* End XCBuildConfiguration section */

/* Begin XCConfigurationList section */
		C8301E8C1F5FEB5700CC2477 /* Build configuration list for PBXProject "WeiBo_Swift_Demo" */ = {
			isa = XCConfigurationList;
			buildConfigurations = (
				C8301EA11F5FEB5700CC2477 /* Debug */,
				C8301EA21F5FEB5700CC2477 /* Release */,
			);
			defaultConfigurationIsVisible = 0;
			defaultConfigurationName = Release;
		};
		C8301EA31F5FEB5700CC2477 /* Build configuration list for PBXNativeTarget "WeiBo_Swift_Demo" */ = {
			isa = XCConfigurationList;
			buildConfigurations = (
				C8301EA41F5FEB5700CC2477 /* Debug */,
				C8301EA51F5FEB5700CC2477 /* Release */,
			);
			defaultConfigurationIsVisible = 0;
			defaultConfigurationName = Release;
		};
/* End XCConfigurationList section */
	};
	rootObject = C8301E891F5FEB5700CC2477 /* Project object */;
}
